{
  "originHash" : "cf94a621cf9ef62bc1fe95ba12f5b74fbcce0ef0f786e06b459816abd76b104a",
  "pins" : [
    {
      "identity" : "google-gateway-auth",
      "kind" : "remoteSourceControl",
      "location" : "https://github.com/tacogips/google-gateway-auth.git",
      "state" : {
        "revision" : "2951cd8829d94d0b16e2a3bfdca301e57bb1f862"
      }
    }
  ],
  "version" : 3
}
