{
  "originHash" : "274b8d23edc7fdb0453d376c9b20f3b7b4916136d9bbc3390f2d8ff3eb4fb8c0",
  "pins" : [
    {
      "identity" : "google-gateway-auth",
      "kind" : "remoteSourceControl",
      "location" : "https://github.com/tacogips/google-gateway-auth.git",
      "state" : {
        "revision" : "28331014f2ab9f8f02f77d068421afac105150dc"
      }
    }
  ],
  "version" : 3
}
