{
  "originHash" : "bb70bae3a6004e9ae8d46e567c6f43f79a3d08c1e00906456a88823b87c96d06",
  "pins" : [
    {
      "identity" : "google-gateway-auth",
      "kind" : "remoteSourceControl",
      "location" : "https://github.com/tacogips/google-gateway-auth.git",
      "state" : {
        "revision" : "dda86daa5ca1b9a761977e4a9891e4e4380cf4dd"
      }
    }
  ],
  "version" : 3
}
